{
  "object": {
    "pins": [
      {
        "package": "dotLottieLoader",
        "repositoryURL": "https://github.com/anthonydegamoappetiser/dotlottieLoader-ios",
        "state": {
          "branch": "temp-fix-019",
          "revision": "86f6f402affe3ffdd12f72bec61180125818ebe7",
          "version": null
        }
      },
      {
        "package": "Lottie",
        "repositoryURL": "https://github.com/airbnb/lottie-ios.git",
        "state": {
          "branch": null,
          "revision": "047aa81b77adcbf583a966dfef620d17650cc656",
          "version": "4.5.1"
        }
      },
      {
        "package": "Zip",
        "repositoryURL": "https://github.com/LottieFiles/Zip.git",
        "state": {
          "branch": null,
          "revision": "e16ccb1e0e772b280a2e177e2b6d4d99dd8f9419",
          "version": "2.1.2"
        }
      }
    ]
  },
  "version": 1
}
